
Microsoft Visual Studio Solution File, Format Version 12.00
# Visual Studio 14
VisualStudioVersion = 14.0.24720.0
MinimumVisualStudioVersion = 10.0.40219.1
Project("{FAE04EC0-301F-11D3-BF4B-00C04F79EFBC}") = "HW.ScanService", "HW.ScanService\HW.ScanService.csproj", "{87B2A9A4-170F-48D4-8567-322A62C6D5BD}"
EndProject
Project("{FAE04EC0-301F-11D3-BF4B-00C04F79EFBC}") = "HW.Logging", "HW.Logging\HW.Logging.csproj", "{9B08C342-AD29-478F-8580-BCD3DA97B1CB}"
EndProject
Project("{FAE04EC0-301F-11D3-BF4B-00C04F79EFBC}") = "HW.ScanService.Scanner", "HW.ScanService.Scanner\HW.ScanService.Scanner.csproj", "{1EF0A9CB-DD27-4551-8A0F-3DE85518E744}"
EndProject
Project("{FAE04EC0-301F-11D3-BF4B-00C04F79EFBC}") = "HW.Utils", "HW.Utils\HW.Utils.csproj", "{D5FE1FC2-850C-4F7A-B8CC-B36047551CF0}"
EndProject
Project("{FAE04EC0-301F-11D3-BF4B-00C04F79EFBC}") = "HW.Storages", "HW.Storages\HW.Storages.csproj", "{4235B402-9E3B-4705-BE3A-5970B19D39BD}"
EndProject
Project("{2150E333-8FDC-42A3-9474-1A3956D46DE8}") = "Tests", "Tests", "{9BAA446E-7418-4CDB-83EF-453B694B3432}"
EndProject
Project("{FAE04EC0-301F-11D3-BF4B-00C04F79EFBC}") = "HW.Utils.Tests", "HW.Utils.Tests\HW.Utils.Tests.csproj", "{05A439FA-C238-44DF-9354-156429A7E15F}"
EndProject
Project("{FAE04EC0-301F-11D3-BF4B-00C04F79EFBC}") = "HW.ScanService.Tests", "HW.ScanService.Tests\HW.ScanService.Tests.csproj", "{A712F394-CA88-478C-91CB-9A81D4C6D9D9}"
EndProject
Project("{FAE04EC0-301F-11D3-BF4B-00C04F79EFBC}") = "HW.Definitions", "HW.Definitions\HW.Definitions.csproj", "{3BB3AD20-E64F-4DC3-A461-912CBB0E46D1}"
EndProject
Project("{FAE04EC0-301F-11D3-BF4B-00C04F79EFBC}") = "HW.FileCollectorService", "HW.FileCollectorService\HW.FileCollectorService.csproj", "{D7EB8BAA-F5BF-4F81-A196-76CE34FC5254}"
EndProject
Project("{2150E333-8FDC-42A3-9474-1A3956D46DE8}") = "Scan", "Scan", "{44D2D23B-AB70-42F6-AF37-9B2F12841018}"
EndProject
Project("{2150E333-8FDC-42A3-9474-1A3956D46DE8}") = "Collector", "Collector", "{AA1016E6-635F-4453-A6AA-3E4D69AB8076}"
EndProject
Project("{FAE04EC0-301F-11D3-BF4B-00C04F79EFBC}") = "HW.FileCollectorService.Collector", "HW.FileCollectorService.Collector\HW.FileCollectorService.Collector.csproj", "{1C8127D7-9955-4223-9289-42AFAA4DA8B1}"
EndProject
Project("{FAE04EC0-301F-11D3-BF4B-00C04F79EFBC}") = "HW.CollectorService.Tests", "HW.CollectorService.Tests\HW.CollectorService.Tests.csproj", "{166F0DCA-51C0-4065-8763-1BDA996D8581}"
EndProject
Project("{2150E333-8FDC-42A3-9474-1A3956D46DE8}") = "Management", "Management", "{23D9D86E-E2C4-4F4B-8C10-DE56132FC950}"
EndProject
Project("{FAE04EC0-301F-11D3-BF4B-00C04F79EFBC}") = "HW.Management", "HW.Management\HW.Management.csproj", "{09A51831-4D0B-469A-953A-BB60021674B8}"
EndProject
Project("{FAE04EC0-301F-11D3-BF4B-00C04F79EFBC}") = "HW.Management.Common", "HW.Management.Common\HW.Management.Common.csproj", "{0F3A6C72-4F45-4948-8EBB-2AC0433F7468}"
EndProject
Project("{FAE04EC0-301F-11D3-BF4B-00C04F79EFBC}") = "HW.Management.Tests", "HW.Management.Tests\HW.Management.Tests.csproj", "{5B6AC4B2-8F3E-4AF8-A19D-547FC2729ACD}"
EndProject
Global
	GlobalSection(SolutionConfigurationPlatforms) = preSolution
		Debug|Any CPU = Debug|Any CPU
		Release|Any CPU = Release|Any CPU
	EndGlobalSection
	GlobalSection(ProjectConfigurationPlatforms) = postSolution
		{87B2A9A4-170F-48D4-8567-322A62C6D5BD}.Debug|Any CPU.ActiveCfg = Debug|Any CPU
		{87B2A9A4-170F-48D4-8567-322A62C6D5BD}.Debug|Any CPU.Build.0 = Debug|Any CPU
		{87B2A9A4-170F-48D4-8567-322A62C6D5BD}.Release|Any CPU.ActiveCfg = Release|Any CPU
		{87B2A9A4-170F-48D4-8567-322A62C6D5BD}.Release|Any CPU.Build.0 = Release|Any CPU
		{9B08C342-AD29-478F-8580-BCD3DA97B1CB}.Debug|Any CPU.ActiveCfg = Debug|Any CPU
		{9B08C342-AD29-478F-8580-BCD3DA97B1CB}.Debug|Any CPU.Build.0 = Debug|Any CPU
		{9B08C342-AD29-478F-8580-BCD3DA97B1CB}.Release|Any CPU.ActiveCfg = Release|Any CPU
		{9B08C342-AD29-478F-8580-BCD3DA97B1CB}.Release|Any CPU.Build.0 = Release|Any CPU
		{1EF0A9CB-DD27-4551-8A0F-3DE85518E744}.Debug|Any CPU.ActiveCfg = Debug|Any CPU
		{1EF0A9CB-DD27-4551-8A0F-3DE85518E744}.Debug|Any CPU.Build.0 = Debug|Any CPU
		{1EF0A9CB-DD27-4551-8A0F-3DE85518E744}.Release|Any CPU.ActiveCfg = Release|Any CPU
		{1EF0A9CB-DD27-4551-8A0F-3DE85518E744}.Release|Any CPU.Build.0 = Release|Any CPU
		{D5FE1FC2-850C-4F7A-B8CC-B36047551CF0}.Debug|Any CPU.ActiveCfg = Debug|Any CPU
		{D5FE1FC2-850C-4F7A-B8CC-B36047551CF0}.Debug|Any CPU.Build.0 = Debug|Any CPU
		{D5FE1FC2-850C-4F7A-B8CC-B36047551CF0}.Release|Any CPU.ActiveCfg = Release|Any CPU
		{D5FE1FC2-850C-4F7A-B8CC-B36047551CF0}.Release|Any CPU.Build.0 = Release|Any CPU
		{4235B402-9E3B-4705-BE3A-5970B19D39BD}.Debug|Any CPU.ActiveCfg = Debug|Any CPU
		{4235B402-9E3B-4705-BE3A-5970B19D39BD}.Debug|Any CPU.Build.0 = Debug|Any CPU
		{4235B402-9E3B-4705-BE3A-5970B19D39BD}.Release|Any CPU.ActiveCfg = Release|Any CPU
		{4235B402-9E3B-4705-BE3A-5970B19D39BD}.Release|Any CPU.Build.0 = Release|Any CPU
		{05A439FA-C238-44DF-9354-156429A7E15F}.Debug|Any CPU.ActiveCfg = Debug|Any CPU
		{05A439FA-C238-44DF-9354-156429A7E15F}.Debug|Any CPU.Build.0 = Debug|Any CPU
		{05A439FA-C238-44DF-9354-156429A7E15F}.Release|Any CPU.ActiveCfg = Release|Any CPU
		{05A439FA-C238-44DF-9354-156429A7E15F}.Release|Any CPU.Build.0 = Release|Any CPU
		{A712F394-CA88-478C-91CB-9A81D4C6D9D9}.Debug|Any CPU.ActiveCfg = Debug|Any CPU
		{A712F394-CA88-478C-91CB-9A81D4C6D9D9}.Debug|Any CPU.Build.0 = Debug|Any CPU
		{A712F394-CA88-478C-91CB-9A81D4C6D9D9}.Release|Any CPU.ActiveCfg = Release|Any CPU
		{A712F394-CA88-478C-91CB-9A81D4C6D9D9}.Release|Any CPU.Build.0 = Release|Any CPU
		{3BB3AD20-E64F-4DC3-A461-912CBB0E46D1}.Debug|Any CPU.ActiveCfg = Debug|Any CPU
		{3BB3AD20-E64F-4DC3-A461-912CBB0E46D1}.Debug|Any CPU.Build.0 = Debug|Any CPU
		{3BB3AD20-E64F-4DC3-A461-912CBB0E46D1}.Release|Any CPU.ActiveCfg = Release|Any CPU
		{3BB3AD20-E64F-4DC3-A461-912CBB0E46D1}.Release|Any CPU.Build.0 = Release|Any CPU
		{D7EB8BAA-F5BF-4F81-A196-76CE34FC5254}.Debug|Any CPU.ActiveCfg = Debug|Any CPU
		{D7EB8BAA-F5BF-4F81-A196-76CE34FC5254}.Debug|Any CPU.Build.0 = Debug|Any CPU
		{D7EB8BAA-F5BF-4F81-A196-76CE34FC5254}.Release|Any CPU.ActiveCfg = Release|Any CPU
		{D7EB8BAA-F5BF-4F81-A196-76CE34FC5254}.Release|Any CPU.Build.0 = Release|Any CPU
		{1C8127D7-9955-4223-9289-42AFAA4DA8B1}.Debug|Any CPU.ActiveCfg = Debug|Any CPU
		{1C8127D7-9955-4223-9289-42AFAA4DA8B1}.Debug|Any CPU.Build.0 = Debug|Any CPU
		{1C8127D7-9955-4223-9289-42AFAA4DA8B1}.Release|Any CPU.ActiveCfg = Release|Any CPU
		{1C8127D7-9955-4223-9289-42AFAA4DA8B1}.Release|Any CPU.Build.0 = Release|Any CPU
		{166F0DCA-51C0-4065-8763-1BDA996D8581}.Debug|Any CPU.ActiveCfg = Debug|Any CPU
		{166F0DCA-51C0-4065-8763-1BDA996D8581}.Debug|Any CPU.Build.0 = Debug|Any CPU
		{166F0DCA-51C0-4065-8763-1BDA996D8581}.Release|Any CPU.ActiveCfg = Release|Any CPU
		{166F0DCA-51C0-4065-8763-1BDA996D8581}.Release|Any CPU.Build.0 = Release|Any CPU
		{09A51831-4D0B-469A-953A-BB60021674B8}.Debug|Any CPU.ActiveCfg = Debug|Any CPU
		{09A51831-4D0B-469A-953A-BB60021674B8}.Debug|Any CPU.Build.0 = Debug|Any CPU
		{09A51831-4D0B-469A-953A-BB60021674B8}.Release|Any CPU.ActiveCfg = Release|Any CPU
		{09A51831-4D0B-469A-953A-BB60021674B8}.Release|Any CPU.Build.0 = Release|Any CPU
		{0F3A6C72-4F45-4948-8EBB-2AC0433F7468}.Debug|Any CPU.ActiveCfg = Debug|Any CPU
		{0F3A6C72-4F45-4948-8EBB-2AC0433F7468}.Debug|Any CPU.Build.0 = Debug|Any CPU
		{0F3A6C72-4F45-4948-8EBB-2AC0433F7468}.Release|Any CPU.ActiveCfg = Release|Any CPU
		{0F3A6C72-4F45-4948-8EBB-2AC0433F7468}.Release|Any CPU.Build.0 = Release|Any CPU
		{5B6AC4B2-8F3E-4AF8-A19D-547FC2729ACD}.Debug|Any CPU.ActiveCfg = Debug|Any CPU
		{5B6AC4B2-8F3E-4AF8-A19D-547FC2729ACD}.Debug|Any CPU.Build.0 = Debug|Any CPU
		{5B6AC4B2-8F3E-4AF8-A19D-547FC2729ACD}.Release|Any CPU.ActiveCfg = Release|Any CPU
		{5B6AC4B2-8F3E-4AF8-A19D-547FC2729ACD}.Release|Any CPU.Build.0 = Release|Any CPU
	EndGlobalSection
	GlobalSection(SolutionProperties) = preSolution
		HideSolutionNode = FALSE
	EndGlobalSection
	GlobalSection(NestedProjects) = preSolution
		{87B2A9A4-170F-48D4-8567-322A62C6D5BD} = {44D2D23B-AB70-42F6-AF37-9B2F12841018}
		{1EF0A9CB-DD27-4551-8A0F-3DE85518E744} = {44D2D23B-AB70-42F6-AF37-9B2F12841018}
		{05A439FA-C238-44DF-9354-156429A7E15F} = {9BAA446E-7418-4CDB-83EF-453B694B3432}
		{A712F394-CA88-478C-91CB-9A81D4C6D9D9} = {9BAA446E-7418-4CDB-83EF-453B694B3432}
		{D7EB8BAA-F5BF-4F81-A196-76CE34FC5254} = {AA1016E6-635F-4453-A6AA-3E4D69AB8076}
		{1C8127D7-9955-4223-9289-42AFAA4DA8B1} = {AA1016E6-635F-4453-A6AA-3E4D69AB8076}
		{166F0DCA-51C0-4065-8763-1BDA996D8581} = {9BAA446E-7418-4CDB-83EF-453B694B3432}
		{09A51831-4D0B-469A-953A-BB60021674B8} = {23D9D86E-E2C4-4F4B-8C10-DE56132FC950}
		{0F3A6C72-4F45-4948-8EBB-2AC0433F7468} = {23D9D86E-E2C4-4F4B-8C10-DE56132FC950}
		{5B6AC4B2-8F3E-4AF8-A19D-547FC2729ACD} = {9BAA446E-7418-4CDB-83EF-453B694B3432}
	EndGlobalSection
EndGlobal
